
Microsoft Visual Studio Solution File, Format Version 12.00
# Visual Studio Version 17
VisualStudioVersion = 17.11.35431.28
MinimumVisualStudioVersion = 10.0.40219.1
Project("{9A19103F-16F7-4668-BE54-9A1E7A4F7556}") = "ProyectoASP", "ProyectoASP\ProyectoASP.csproj", "{75D44C5E-8D71-457C-85B5-131B28C49AE5}"
EndProject
Project("{FAE04EC0-301F-11D3-BF4B-00C04F79EFBC}") = "ENT", "ENT\ENT.csproj", "{A234B562-6E51-4459-9910-35476A139459}"
EndProject
Project("{FAE04EC0-301F-11D3-BF4B-00C04F79EFBC}") = "DAL", "DAL\DAL.csproj", "{5E6A0F7F-D1AA-44A2-BC75-95F00521FDE6}"
EndProject
Project("{FAE04EC0-301F-11D3-BF4B-00C04F79EFBC}") = "BL", "BL\BL.csproj", "{53BB2526-C553-44CA-8B72-740F0DC46650}"
EndProject
Project("{2150E333-8FDC-42A3-9474-1A3956D46DE8}") = "Elementos de la solución", "Elementos de la solución", "{211B18FF-B3C1-4CD9-A3E4-ACA9473223E3}"
	ProjectSection(SolutionItems) = preProject
		ejercicio.txt = ejercicio.txt
	EndProjectSection
EndProject
Global
	GlobalSection(SolutionConfigurationPlatforms) = preSolution
		Debug|Any CPU = Debug|Any CPU
		Release|Any CPU = Release|Any CPU
	EndGlobalSection
	GlobalSection(ProjectConfigurationPlatforms) = postSolution
		{75D44C5E-8D71-457C-85B5-131B28C49AE5}.Debug|Any CPU.ActiveCfg = Debug|Any CPU
		{75D44C5E-8D71-457C-85B5-131B28C49AE5}.Debug|Any CPU.Build.0 = Debug|Any CPU
		{75D44C5E-8D71-457C-85B5-131B28C49AE5}.Release|Any CPU.ActiveCfg = Release|Any CPU
		{75D44C5E-8D71-457C-85B5-131B28C49AE5}.Release|Any CPU.Build.0 = Release|Any CPU
		{A234B562-6E51-4459-9910-35476A139459}.Debug|Any CPU.ActiveCfg = Debug|Any CPU
		{A234B562-6E51-4459-9910-35476A139459}.Debug|Any CPU.Build.0 = Debug|Any CPU
		{A234B562-6E51-4459-9910-35476A139459}.Release|Any CPU.ActiveCfg = Release|Any CPU
		{A234B562-6E51-4459-9910-35476A139459}.Release|Any CPU.Build.0 = Release|Any CPU
		{5E6A0F7F-D1AA-44A2-BC75-95F00521FDE6}.Debug|Any CPU.ActiveCfg = Debug|Any CPU
		{5E6A0F7F-D1AA-44A2-BC75-95F00521FDE6}.Debug|Any CPU.Build.0 = Debug|Any CPU
		{5E6A0F7F-D1AA-44A2-BC75-95F00521FDE6}.Release|Any CPU.ActiveCfg = Release|Any CPU
		{5E6A0F7F-D1AA-44A2-BC75-95F00521FDE6}.Release|Any CPU.Build.0 = Release|Any CPU
		{53BB2526-C553-44CA-8B72-740F0DC46650}.Debug|Any CPU.ActiveCfg = Debug|Any CPU
		{53BB2526-C553-44CA-8B72-740F0DC46650}.Debug|Any CPU.Build.0 = Debug|Any CPU
		{53BB2526-C553-44CA-8B72-740F0DC46650}.Release|Any CPU.ActiveCfg = Release|Any CPU
		{53BB2526-C553-44CA-8B72-740F0DC46650}.Release|Any CPU.Build.0 = Release|Any CPU
	EndGlobalSection
	GlobalSection(SolutionProperties) = preSolution
		HideSolutionNode = FALSE
	EndGlobalSection
	GlobalSection(ExtensibilityGlobals) = postSolution
		SolutionGuid = {0655EDAA-4476-4EC4-8478-DA3FF75003B4}
	EndGlobalSection
EndGlobal
